
Microsoft Visual Studio Solution File, Format Version 12.00
# Visual Studio 15
VisualStudioVersion = 15.0.28010.2048
MinimumVisualStudioVersion = 10.0.40219.1
Project("{FAE04EC0-301F-11D3-BF4B-00C04F79EFBC}") = "CallEscape", "CallEscape\CallEscape.csproj", "{66E61E2F-1CE0-43FC-8A39-96A82BF231D3}"
EndProject
Global
	GlobalSection(SolutionConfigurationPlatforms) = preSolution
		Debug|Any CPU = Debug|Any CPU
		Release|Any CPU = Release|Any CPU
	EndGlobalSection
	GlobalSection(ProjectConfigurationPlatforms) = postSolution
		{66E61E2F-1CE0-43FC-8A39-96A82BF231D3}.Debug|Any CPU.ActiveCfg = Debug|Any CPU
		{66E61E2F-1CE0-43FC-8A39-96A82BF231D3}.Debug|Any CPU.Build.0 = Debug|Any CPU
		{66E61E2F-1CE0-43FC-8A39-96A82BF231D3}.Release|Any CPU.ActiveCfg = Release|Any CPU
		{66E61E2F-1CE0-43FC-8A39-96A82BF231D3}.Release|Any CPU.Build.0 = Release|Any CPU
	EndGlobalSection
	GlobalSection(SolutionProperties) = preSolution
		HideSolutionNode = FALSE
	EndGlobalSection
	GlobalSection(ExtensibilityGlobals) = postSolution
		SolutionGuid = {34D70988-676C-4E72-B314-0728810B2399}
	EndGlobalSection
EndGlobal
